// !$*UTF8*$!
{
	archiveVersion = 1;
	classes = {
	};
	objectVersion = 46;
	objects = {

/* Begin PBXBuildFile section */
		200F870B1E393EDB00576751 /* AppDelegate.swift in Sources */ = {isa = PBXBuildFile; fileRef = 200F870A1E393EDB00576751 /* AppDelegate.swift */; };
		200F870D1E393EDB00576751 /* MainViewController.swift in Sources */ = {isa = PBXBuildFile; fileRef = 200F870C1E393EDB00576751 /* MainViewController.swift */; };
		200F87101E393EDB00576751 /* Main.storyboard in Resources */ = {isa = PBXBuildFile; fileRef = 200F870E1E393EDB00576751 /* Main.storyboard */; };
		200F87121E393EDC00576751 /* Assets.xcassets in Resources */ = {isa = PBXBuildFile; fileRef = 200F87111E393EDC00576751 /* Assets.xcassets */; };
		200F87151E393EDC00576751 /* LaunchScreen.storyboard in Resources */ = {isa = PBXBuildFile; fileRef = 200F87131E393EDC00576751 /* LaunchScreen.storyboard */; };
		20E8D9B01E3D502A002ED947 /* UIView+Animations.swift in Sources */ = {isa = PBXBuildFile; fileRef = 20E8D9AF1E3D502A002ED947 /* UIView+Animations.swift */; };
		20E8D9B21E3D53BB002ED947 /* UIImageView+Animations.swift in Sources */ = {isa = PBXBuildFile; fileRef = 20E8D9B11E3D53BB002ED947 /* UIImageView+Animations.swift */; };
/* End PBXBuildFile section */

/* Begin PBXFileReference section */
		200F87071E393EDB00576751 /* Animations demo.app */ = {isa = PBXFileReference; explicitFileType = wrapper.application; includeInIndex = 0; path = "Animations demo.app"; sourceTree = BUILT_PRODUCTS_DIR; };
		200F870A1E393EDB00576751 /* AppDelegate.swift */ = {isa = PBXFileReference; lastKnownFileType = sourcecode.swift; path = AppDelegate.swift; sourceTree = "<group>"; };
		200F870C1E393EDB00576751 /* MainViewController.swift */ = {isa = PBXFileReference; lastKnownFileType = sourcecode.swift; path = MainViewController.swift; sourceTree = "<group>"; };
		200F870F1E393EDB00576751 /* Base */ = {isa = PBXFileReference; lastKnownFileType = file.storyboard; name = Base; path = Base.lproj/Main.storyboard; sourceTree = "<group>"; };
		200F87111E393EDC00576751 /* Assets.xcassets */ = {isa = PBXFileReference; lastKnownFileType = folder.assetcatalog; path = Assets.xcassets; sourceTree = "<group>"; };
		200F87141E393EDC00576751 /* Base */ = {isa = PBXFileReference; lastKnownFileType = file.storyboard; name = Base; path = Base.lproj/LaunchScreen.storyboard; sourceTree = "<group>"; };
		200F87161E393EDC00576751 /* Info.plist */ = {isa = PBXFileReference; lastKnownFileType = text.plist.xml; path = Info.plist; sourceTree = "<group>"; };
		20E8D9AF1E3D502A002ED947 /* UIView+Animations.swift */ = {isa = PBXFileReference; fileEncoding = 4; lastKnownFileType = sourcecode.swift; name = "UIView+Animations.swift"; path = "Extensions/UIView+Animations.swift"; sourceTree = "<group>"; };
		20E8D9B11E3D53BB002ED947 /* UIImageView+Animations.swift */ = {isa = PBXFileReference; fileEncoding = 4; lastKnownFileType = sourcecode.swift; name = "UIImageView+Animations.swift"; path = "Extensions/UIImageView+Animations.swift"; sourceTree = "<group>"; };
/* End PBXFileReference section */

/* Begin PBXFrameworksBuildPhase section */
		200F87041E393EDB00576751 /* Frameworks */ = {
			isa = PBXFrameworksBuildPhase;
			buildActionMask = 2147483647;
			files = (
			);
			runOnlyForDeploymentPostprocessing = 0;
		};
/* End PBXFrameworksBuildPhase section */

/* Begin PBXGroup section */
		200F86FE1E393EDB00576751 = {
			isa = PBXGroup;
			children = (
				200F87091E393EDB00576751 /* Animations demo */,
				200F87081E393EDB00576751 /* Products */,
			);
			sourceTree = "<group>";
		};
		200F87081E393EDB00576751 /* Products */ = {
			isa = PBXGroup;
			children = (
				200F87071E393EDB00576751 /* Animations demo.app */,
			);
			name = Products;
			sourceTree = "<group>";
		};
		200F87091E393EDB00576751 /* Animations demo */ = {
			isa = PBXGroup;
			children = (
				20E8D9AD1E3D4D2D002ED947 /* Extensions */,
				20E8D9AE1E3D4D46002ED947 /* Demo controllers */,
				200F870A1E393EDB00576751 /* AppDelegate.swift */,
				200F870E1E393EDB00576751 /* Main.storyboard */,
				200F87111E393EDC00576751 /* Assets.xcassets */,
				200F87131E393EDC00576751 /* LaunchScreen.storyboard */,
				200F87161E393EDC00576751 /* Info.plist */,
			);
			path = "Animations demo";
			sourceTree = "<group>";
		};
		20E8D9AD1E3D4D2D002ED947 /* Extensions */ = {
			isa = PBXGroup;
			children = (
				20E8D9AF1E3D502A002ED947 /* UIView+Animations.swift */,
				20E8D9B11E3D53BB002ED947 /* UIImageView+Animations.swift */,
			);
			name = Extensions;
			sourceTree = "<group>";
		};
		20E8D9AE1E3D4D46002ED947 /* Demo controllers */ = {
			isa = PBXGroup;
			children = (
				200F870C1E393EDB00576751 /* MainViewController.swift */,
			);
			name = "Demo controllers";
			sourceTree = "<group>";
		};
/* End PBXGroup section */

/* Begin PBXNativeTarget section */
		200F87061E393EDB00576751 /* Animations demo */ = {
			isa = PBXNativeTarget;
			buildConfigurationList = 200F87191E393EDC00576751 /* Build configuration list for PBXNativeTarget "Animations demo" */;
			buildPhases = (
				200F871C1E394AE700576751 /* ShellScript */,
				200F87031E393EDB00576751 /* Sources */,
				200F87041E393EDB00576751 /* Frameworks */,
				200F87051E393EDB00576751 /* Resources */,
			);
			buildRules = (
			);
			dependencies = (
			);
			name = "Animations demo";
			productName = "Animations demo";
			productReference = 200F87071E393EDB00576751 /* Animations demo.app */;
			productType = "com.apple.product-type.application";
		};
/* End PBXNativeTarget section */

/* Begin PBXProject section */
		200F86FF1E393EDB00576751 /* Project object */ = {
			isa = PBXProject;
			attributes = {
				LastSwiftUpdateCheck = 0820;
				LastUpgradeCheck = 0920;
				ORGANIZATIONNAME = micromanc3r;
				TargetAttributes = {
					200F87061E393EDB00576751 = {
						CreatedOnToolsVersion = 8.2.1;
						DevelopmentTeam = ASQC376HCN;
						LastSwiftMigration = 0920;
						ProvisioningStyle = Automatic;
					};
				};
			};
			buildConfigurationList = 200F87021E393EDB00576751 /* Build configuration list for PBXProject "Animations demo" */;
			compatibilityVersion = "Xcode 3.2";
			developmentRegion = English;
			hasScannedForEncodings = 0;
			knownRegions = (
				en,
				Base,
			);
			mainGroup = 200F86FE1E393EDB00576751;
			productRefGroup = 200F87081E393EDB00576751 /* Products */;
			projectDirPath = "";
			projectRoot = "";
			targets = (
				200F87061E393EDB00576751 /* Animations demo */,
			);
		};
/* End PBXProject section */

/* Begin PBXResourcesBuildPhase section */
		200F87051E393EDB00576751 /* Resources */ = {
			isa = PBXResourcesBuildPhase;
			buildActionMask = 2147483647;
			files = (
				200F87151E393EDC00576751 /* LaunchScreen.storyboard in Resources */,
				200F87121E393EDC00576751 /* Assets.xcassets in Resources */,
				200F87101E393EDB00576751 /* Main.storyboard in Resources */,
			);
			runOnlyForDeploymentPostprocessing = 0;
		};
/* End PBXResourcesBuildPhase section */

/* Begin PBXShellScriptBuildPhase section */
		200F871C1E394AE700576751 /* ShellScript */ = {
			isa = PBXShellScriptBuildPhase;
			buildActionMask = 2147483647;
			files = (
			);
			inputPaths = (
			);
			outputPaths = (
			);
			runOnlyForDeploymentPostprocessing = 0;
			shellPath = /bin/sh;
			shellScript = "if which swiftlint >/dev/null; then\nswiftlint\nelse\necho \"warning: SwiftLint not installed, download from https://github.com/realm/SwiftLint\"\nfi";
		};
/* End PBXShellScriptBuildPhase section */

/* Begin PBXSourcesBuildPhase section */
		200F87031E393EDB00576751 /* Sources */ = {
			isa = PBXSourcesBuildPhase;
			buildActionMask = 2147483647;
			files = (
				200F870D1E393EDB00576751 /* MainViewController.swift in Sources */,
				20E8D9B21E3D53BB002ED947 /* UIImageView+Animations.swift in Sources */,
				200F870B1E393EDB00576751 /* AppDelegate.swift in Sources */,
				20E8D9B01E3D502A002ED947 /* UIView+Animations.swift in Sources */,
			);
			runOnlyForDeploymentPostprocessing = 0;
		};
/* End PBXSourcesBuildPhase section */

/* Begin PBXVariantGroup section */
		200F870E1E393EDB00576751 /* Main.storyboard */ = {
			isa = PBXVariantGroup;
			children = (
				200F870F1E393EDB00576751 /* Base */,
			);
			name = Main.storyboard;
			sourceTree = "<group>";
		};
		200F87131E393EDC00576751 /* LaunchScreen.storyboard */ = {
			isa = PBXVariantGroup;
			children = (
				200F87141E393EDC00576751 /* Base */,
			);
			name = LaunchScreen.storyboard;
			sourceTree = "<group>";
		};
/* End PBXVariantGroup section */

/* Begin XCBuildConfiguration section */
		200F87171E393EDC00576751 /* Debug */ = {
			isa = XCBuildConfiguration;
			buildSettings = {
				ALWAYS_SEARCH_USER_PATHS = NO;
				CLANG_ANALYZER_NONNULL = YES;
				CLANG_CXX_LANGUAGE_STANDARD = "gnu++0x";
				CLANG_CXX_LIBRARY = "libc++";
				CLANG_ENABLE_MODULES = YES;
				CLANG_ENABLE_OBJC_ARC = YES;
				CLANG_WARN_BLOCK_CAPTURE_AUTORELEASING = YES;
				CLANG_WARN_BOOL_CONVERSION = YES;
				CLANG_WARN_COMMA = YES;
				CLANG_WARN_CONSTANT_CONVERSION = YES;
				CLANG_WARN_DIRECT_OBJC_ISA_USAGE = YES_ERROR;
				CLANG_WARN_DOCUMENTATION_COMMENTS = YES;
				CLANG_WARN_EMPTY_BODY = YES;
				CLANG_WARN_ENUM_CONVERSION = YES;
				CLANG_WARN_INFINITE_RECURSION = YES;
				CLANG_WARN_INT_CONVERSION = YES;
				CLANG_WARN_NON_LITERAL_NULL_CONVERSION = YES;
				CLANG_WARN_OBJC_LITERAL_CONVERSION = YES;
				CLANG_WARN_OBJC_ROOT_CLASS = YES_ERROR;
				CLANG_WARN_RANGE_LOOP_ANALYSIS = YES;
				CLANG_WARN_STRICT_PROTOTYPES = YES;
				CLANG_WARN_SUSPICIOUS_MOVE = YES;
				CLANG_WARN_UNREACHABLE_CODE = YES;
				CLANG_WARN__DUPLICATE_METHOD_MATCH = YES;
				"CODE_SIGN_IDENTITY[sdk=iphoneos*]" = "iPhone Developer";
				COPY_PHASE_STRIP = NO;
				DEBUG_INFORMATION_FORMAT = dwarf;
				ENABLE_STRICT_OBJC_MSGSEND = YES;
				ENABLE_TESTABILITY = YES;
				GCC_C_LANGUAGE_STANDARD = gnu99;
				GCC_DYNAMIC_NO_PIC = NO;
				GCC_NO_COMMON_BLOCKS = YES;
				GCC_OPTIMIZATION_LEVEL = 0;
				GCC_PREPROCESSOR_DEFINITIONS = (
					"DEBUG=1",
					"$(inherited)",
				);
				GCC_WARN_64_TO_32_BIT_CONVERSION = YES;
				GCC_WARN_ABOUT_RETURN_TYPE = YES_ERROR;
				GCC_WARN_UNDECLARED_SELECTOR = YES;
				GCC_WARN_UNINITIALIZED_AUTOS = YES_AGGRESSIVE;
				GCC_WARN_UNUSED_FUNCTION = YES;
				GCC_WARN_UNUSED_VARIABLE = YES;
				IPHONEOS_DEPLOYMENT_TARGET = 10.2;
				MTL_ENABLE_DEBUG_INFO = YES;
				ONLY_ACTIVE_ARCH = YES;
				SDKROOT = iphoneos;
				SWIFT_ACTIVE_COMPILATION_CONDITIONS = DEBUG;
				SWIFT_OPTIMIZATION_LEVEL = "-Onone";
				TARGETED_DEVICE_FAMILY = "1,2";
			};
			name = Debug;
		};
		200F87181E393EDC00576751 /* Release */ = {
			isa = XCBuildConfiguration;
			buildSettings = {
				ALWAYS_SEARCH_USER_PATHS = NO;
				CLANG_ANALYZER_NONNULL = YES;
				CLANG_CXX_LANGUAGE_STANDARD = "gnu++0x";
				CLANG_CXX_LIBRARY = "libc++";
				CLANG_ENABLE_MODULES = YES;
				CLANG_ENABLE_OBJC_ARC = YES;
				CLANG_WARN_BLOCK_CAPTURE_AUTORELEASING = YES;
				CLANG_WARN_BOOL_CONVERSION = YES;
				CLANG_WARN_COMMA = YES;
				CLANG_WARN_CONSTANT_CONVERSION = YES;
				CLANG_WARN_DIRECT_OBJC_ISA_USAGE = YES_ERROR;
				CLANG_WARN_DOCUMENTATION_COMMENTS = YES;
				CLANG_WARN_EMPTY_BODY = YES;
				CLANG_WARN_ENUM_CONVERSION = YES;
				CLANG_WARN_INFINITE_RECURSION = YES;
				CLANG_WARN_INT_CONVERSION = YES;
				CLANG_WARN_NON_LITERAL_NULL_CONVERSION = YES;
				CLANG_WARN_OBJC_LITERAL_CONVERSION = YES;
				CLANG_WARN_OBJC_ROOT_CLASS = YES_ERROR;
				CLANG_WARN_RANGE_LOOP_ANALYSIS = YES;
				CLANG_WARN_STRICT_PROTOTYPES = YES;
				CLANG_WARN_SUSPICIOUS_MOVE = YES;
				CLANG_WARN_UNREACHABLE_CODE = YES;
				CLANG_WARN__DUPLICATE_METHOD_MATCH = YES;
				"CODE_SIGN_IDENTITY[sdk=iphoneos*]" = "iPhone Developer";
				COPY_PHASE_STRIP = NO;
				DEBUG_INFORMATION_FORMAT = "dwarf-with-dsym";
				ENABLE_NS_ASSERTIONS = NO;
				ENABLE_STRICT_OBJC_MSGSEND = YES;
				GCC_C_LANGUAGE_STANDARD = gnu99;
				GCC_NO_COMMON_BLOCKS = YES;
				GCC_WARN_64_TO_32_BIT_CONVERSION = YES;
				GCC_WARN_ABOUT_RETURN_TYPE = YES_ERROR;
				GCC_WARN_UNDECLARED_SELECTOR = YES;
				GCC_WARN_UNINITIALIZED_AUTOS = YES_AGGRESSIVE;
				GCC_WARN_UNUSED_FUNCTION = YES;
				GCC_WARN_UNUSED_VARIABLE = YES;
				IPHONEOS_DEPLOYMENT_TARGET = 10.2;
				MTL_ENABLE_DEBUG_INFO = NO;
				SDKROOT = iphoneos;
				SWIFT_OPTIMIZATION_LEVEL = "-Owholemodule";
				TARGETED_DEVICE_FAMILY = "1,2";
				VALIDATE_PRODUCT = YES;
			};
			name = Release;
		};
		200F871A1E393EDC00576751 /* Debug */ = {
			isa = XCBuildConfiguration;
			buildSettings = {
				ASSETCATALOG_COMPILER_APPICON_NAME = AppIcon;
				DEVELOPMENT_TEAM = ASQC376HCN;
				INFOPLIST_FILE = "Animations demo/Info.plist";
				LD_RUNPATH_SEARCH_PATHS = "$(inherited) @executable_path/Frameworks";
				PRODUCT_BUNDLE_IDENTIFIER = "com.micro.animations-demo";
				PRODUCT_NAME = "$(TARGET_NAME)";
				SWIFT_SWIFT3_OBJC_INFERENCE = Default;
				SWIFT_VERSION = 4.0;
			};
			name = Debug;
		};
		200F871B1E393EDC00576751 /* Release */ = {
			isa = XCBuildConfiguration;
			buildSettings = {
				ASSETCATALOG_COMPILER_APPICON_NAME = AppIcon;
				DEVELOPMENT_TEAM = ASQC376HCN;
				INFOPLIST_FILE = "Animations demo/Info.plist";
				LD_RUNPATH_SEARCH_PATHS = "$(inherited) @executable_path/Frameworks";
				PRODUCT_BUNDLE_IDENTIFIER = "com.micro.animations-demo";
				PRODUCT_NAME = "$(TARGET_NAME)";
				SWIFT_SWIFT3_OBJC_INFERENCE = Default;
				SWIFT_VERSION = 4.0;
			};
			name = Release;
		};
/* End XCBuildConfiguration section */

/* Begin XCConfigurationList section */
		200F87021E393EDB00576751 /* Build configuration list for PBXProject "Animations demo" */ = {
			isa = XCConfigurationList;
			buildConfigurations = (
				200F87171E393EDC00576751 /* Debug */,
				200F87181E393EDC00576751 /* Release */,
			);
			defaultConfigurationIsVisible = 0;
			defaultConfigurationName = Release;
		};
		200F87191E393EDC00576751 /* Build configuration list for PBXNativeTarget "Animations demo" */ = {
			isa = XCConfigurationList;
			buildConfigurations = (
				200F871A1E393EDC00576751 /* Debug */,
				200F871B1E393EDC00576751 /* Release */,
			);
			defaultConfigurationIsVisible = 0;
			defaultConfigurationName = Release;
		};
/* End XCConfigurationList section */
	};
	rootObject = 200F86FF1E393EDB00576751 /* Project object */;
}
